// !$*UTF8*$!
{
	archiveVersion = 1;
	classes = {
	};
	objectVersion = 45;
	objects = {

/* Begin PBXBuildFile section */
		0395087A10515035006B9D90 /* UploadSummaryWindowController.m in Sources */ = {isa = PBXBuildFile; fileRef = 0395087910515035006B9D90 /* UploadSummaryWindowController.m */; };
		0395087C10515048006B9D90 /* UploadSummaryWindow.xib in Resources */ = {isa = PBXBuildFile; fileRef = 0395087B10515048006B9D90 /* UploadSummaryWindow.xib */; };
		039509A710515873006B9D90 /* CoreFoundation.framework in Frameworks */ = {isa = PBXBuildFile; fileRef = 039509A610515873006B9D90 /* CoreFoundation.framework */; };
		039DEEAE1013AD8100C9539F /* ImgDropAppDelegate.m in Sources */ = {isa = PBXBuildFile; fileRef = 039DEEAD1013AD8100C9539F /* ImgDropAppDelegate.m */; };
		039DF15010148B2400C9539F /* icon.icns in Resources */ = {isa = PBXBuildFile; fileRef = 039DF14F10148B2400C9539F /* icon.icns */; };
		03A645021014D52C00730E45 /* LocalhostrClient.m in Sources */ = {isa = PBXBuildFile; fileRef = 03A645011014D52C00730E45 /* LocalhostrClient.m */; };
		03A645281014D71000730E45 /* UploadClient.m in Sources */ = {isa = PBXBuildFile; fileRef = 03A645271014D71000730E45 /* UploadClient.m */; };
		03A6456F1014D8A500730E45 /* KttnsClient.m in Sources */ = {isa = PBXBuildFile; fileRef = 03A6456E1014D8A500730E45 /* KttnsClient.m */; };
		03A646001014E3B000730E45 /* PreferencesWindow.xib in Resources */ = {isa = PBXBuildFile; fileRef = 03A645FF1014E3B000730E45 /* PreferencesWindow.xib */; };
		03A646041014E43C00730E45 /* PreferencesWindowController.m in Sources */ = {isa = PBXBuildFile; fileRef = 03A646031014E43C00730E45 /* PreferencesWindowController.m */; };
		03A646D11014EEF500730E45 /* Credits.rtf in Resources */ = {isa = PBXBuildFile; fileRef = 03A646D01014EEF500730E45 /* Credits.rtf */; };
		03FAC3CB105144D2007D439E /* NSData+zlib.m in Sources */ = {isa = PBXBuildFile; fileRef = 03FAC3CA105144D2007D439E /* NSData+zlib.m */; };
		03FAC3D310514573007D439E /* libz.dylib in Frameworks */ = {isa = PBXBuildFile; fileRef = 03FAC3D210514573007D439E /* libz.dylib */; };
		03FAC3D7105145BB007D439E /* libssl.dylib in Frameworks */ = {isa = PBXBuildFile; fileRef = 03FAC3D6105145BB007D439E /* libssl.dylib */; };
		03FAC3E410514649007D439E /* libcrypto.dylib in Frameworks */ = {isa = PBXBuildFile; fileRef = 03FAC3E310514649007D439E /* libcrypto.dylib */; };
		1DDD58160DA1D0A300B32029 /* MainMenu.xib in Resources */ = {isa = PBXBuildFile; fileRef = 1DDD58140DA1D0A300B32029 /* MainMenu.xib */; };
		8D11072B0486CEB800E47090 /* InfoPlist.strings in Resources */ = {isa = PBXBuildFile; fileRef = 089C165CFE840E0CC02AAC07 /* InfoPlist.strings */; };
		8D11072D0486CEB800E47090 /* main.m in Sources */ = {isa = PBXBuildFile; fileRef = 29B97316FDCFA39411CA2CEA /* main.m */; settings = {ATTRIBUTES = (); }; };
		8D11072F0486CEB800E47090 /* Cocoa.framework in Frameworks */ = {isa = PBXBuildFile; fileRef = 1058C7A1FEA54F0111CA2CBB /* Cocoa.framework */; };
/* End PBXBuildFile section */

/* Begin PBXFileReference section */
		0395087810515035006B9D90 /* UploadSummaryWindowController.h */ = {isa = PBXFileReference; fileEncoding = 4; lastKnownFileType = sourcecode.c.h; path = UploadSummaryWindowController.h; sourceTree = "<group>"; };
		0395087910515035006B9D90 /* UploadSummaryWindowController.m */ = {isa = PBXFileReference; fileEncoding = 4; lastKnownFileType = sourcecode.c.objc; path = UploadSummaryWindowController.m; sourceTree = "<group>"; };
		0395087B10515048006B9D90 /* UploadSummaryWindow.xib */ = {isa = PBXFileReference; lastKnownFileType = file.xib; path = UploadSummaryWindow.xib; sourceTree = "<group>"; };
		039509A610515873006B9D90 /* CoreFoundation.framework */ = {isa = PBXFileReference; lastKnownFileType = wrapper.framework; name = CoreFoundation.framework; path = /System/Library/Frameworks/CoreFoundation.framework; sourceTree = "<absolute>"; };
		039DEEAC1013AD8100C9539F /* ImgDropAppDelegate.h */ = {isa = PBXFileReference; fileEncoding = 4; lastKnownFileType = sourcecode.c.h; path = ImgDropAppDelegate.h; sourceTree = "<group>"; };
		039DEEAD1013AD8100C9539F /* ImgDropAppDelegate.m */ = {isa = PBXFileReference; fileEncoding = 4; lastKnownFileType = sourcecode.c.objc; path = ImgDropAppDelegate.m; sourceTree = "<group>"; };
		039DF14F10148B2400C9539F /* icon.icns */ = {isa = PBXFileReference; lastKnownFileType = image.icns; path = icon.icns; sourceTree = "<group>"; };
		03A645001014D52C00730E45 /* LocalhostrClient.h */ = {isa = PBXFileReference; fileEncoding = 4; lastKnownFileType = sourcecode.c.h; path = LocalhostrClient.h; sourceTree = "<group>"; };
		03A645011014D52C00730E45 /* LocalhostrClient.m */ = {isa = PBXFileReference; fileEncoding = 4; lastKnownFileType = sourcecode.c.objc; path = LocalhostrClient.m; sourceTree = "<group>"; };
		03A645261014D71000730E45 /* UploadClient.h */ = {isa = PBXFileReference; fileEncoding = 4; lastKnownFileType = sourcecode.c.h; path = UploadClient.h; sourceTree = "<group>"; };
		03A645271014D71000730E45 /* UploadClient.m */ = {isa = PBXFileReference; fileEncoding = 4; lastKnownFileType = sourcecode.c.objc; path = UploadClient.m; sourceTree = "<group>"; };
		03A6456D1014D8A500730E45 /* KttnsClient.h */ = {isa = PBXFileReference; fileEncoding = 4; lastKnownFileType = sourcecode.c.h; path = KttnsClient.h; sourceTree = "<group>"; };
		03A6456E1014D8A500730E45 /* KttnsClient.m */ = {isa = PBXFileReference; fileEncoding = 4; lastKnownFileType = sourcecode.c.objc; path = KttnsClient.m; sourceTree = "<group>"; };
		03A645FF1014E3B000730E45 /* PreferencesWindow.xib */ = {isa = PBXFileReference; lastKnownFileType = file.xib; path = PreferencesWindow.xib; sourceTree = "<group>"; };
		03A646021014E43C00730E45 /* PreferencesWindowController.h */ = {isa = PBXFileReference; fileEncoding = 4; lastKnownFileType = sourcecode.c.h; path = PreferencesWindowController.h; sourceTree = "<group>"; };
		03A646031014E43C00730E45 /* PreferencesWindowController.m */ = {isa = PBXFileReference; fileEncoding = 4; lastKnownFileType = sourcecode.c.objc; path = PreferencesWindowController.m; sourceTree = "<group>"; };
		03A646D01014EEF500730E45 /* Credits.rtf */ = {isa = PBXFileReference; lastKnownFileType = text.rtf; path = Credits.rtf; sourceTree = "<group>"; };
		03FAC3C9105144D2007D439E /* NSData+zlib.h */ = {isa = PBXFileReference; fileEncoding = 4; lastKnownFileType = sourcecode.c.h; path = "NSData+zlib.h"; sourceTree = "<group>"; };
		03FAC3CA105144D2007D439E /* NSData+zlib.m */ = {isa = PBXFileReference; fileEncoding = 4; lastKnownFileType = sourcecode.c.objc; path = "NSData+zlib.m"; sourceTree = "<group>"; };
		03FAC3D210514573007D439E /* libz.dylib */ = {isa = PBXFileReference; lastKnownFileType = "compiled.mach-o.dylib"; name = libz.dylib; path = /usr/lib/libz.dylib; sourceTree = "<absolute>"; };
		03FAC3D6105145BB007D439E /* libssl.dylib */ = {isa = PBXFileReference; lastKnownFileType = "compiled.mach-o.dylib"; name = libssl.dylib; path = /usr/lib/libssl.dylib; sourceTree = "<absolute>"; };
		03FAC3E310514649007D439E /* libcrypto.dylib */ = {isa = PBXFileReference; lastKnownFileType = "compiled.mach-o.dylib"; name = libcrypto.dylib; path = /usr/lib/libcrypto.dylib; sourceTree = "<absolute>"; };
		089C165DFE840E0CC02AAC07 /* English */ = {isa = PBXFileReference; fileEncoding = 10; lastKnownFileType = text.plist.strings; name = English; path = English.lproj/InfoPlist.strings; sourceTree = "<group>"; };
		1058C7A1FEA54F0111CA2CBB /* Cocoa.framework */ = {isa = PBXFileReference; lastKnownFileType = wrapper.framework; name = Cocoa.framework; path = /System/Library/Frameworks/Cocoa.framework; sourceTree = "<absolute>"; };
		13E42FB307B3F0F600E4EEF1 /* CoreData.framework */ = {isa = PBXFileReference; lastKnownFileType = wrapper.framework; name = CoreData.framework; path = /System/Library/Frameworks/CoreData.framework; sourceTree = "<absolute>"; };
		1DDD58150DA1D0A300B32029 /* English */ = {isa = PBXFileReference; lastKnownFileType = file.xib; name = English; path = English.lproj/MainMenu.xib; sourceTree = "<group>"; };
		29B97316FDCFA39411CA2CEA /* main.m */ = {isa = PBXFileReference; fileEncoding = 4; lastKnownFileType = sourcecode.c.objc; path = main.m; sourceTree = "<group>"; };
		29B97324FDCFA39411CA2CEA /* AppKit.framework */ = {isa = PBXFileReference; lastKnownFileType = wrapper.framework; name = AppKit.framework; path = /System/Library/Frameworks/AppKit.framework; sourceTree = "<absolute>"; };
		29B97325FDCFA39411CA2CEA /* Foundation.framework */ = {isa = PBXFileReference; lastKnownFileType = wrapper.framework; name = Foundation.framework; path = /System/Library/Frameworks/Foundation.framework; sourceTree = "<absolute>"; };
		32CA4F630368D1EE00C91783 /* ImgDrop_Prefix.pch */ = {isa = PBXFileReference; fileEncoding = 4; lastKnownFileType = sourcecode.c.h; path = ImgDrop_Prefix.pch; sourceTree = "<group>"; };
		8D1107310486CEB800E47090 /* Info.plist */ = {isa = PBXFileReference; fileEncoding = 4; lastKnownFileType = text.plist.xml; path = Info.plist; sourceTree = "<group>"; };
		8D1107320486CEB800E47090 /* ImgDrop.app */ = {isa = PBXFileReference; explicitFileType = wrapper.application; includeInIndex = 0; path = ImgDrop.app; sourceTree = BUILT_PRODUCTS_DIR; };
/* End PBXFileReference section */

/* Begin PBXFrameworksBuildPhase section */
		8D11072E0486CEB800E47090 /* Frameworks */ = {
			isa = PBXFrameworksBuildPhase;
			buildActionMask = 2147483647;
			files = (
				8D11072F0486CEB800E47090 /* Cocoa.framework in Frameworks */,
				03FAC3D310514573007D439E /* libz.dylib in Frameworks */,
				03FAC3D7105145BB007D439E /* libssl.dylib in Frameworks */,
				03FAC3E410514649007D439E /* libcrypto.dylib in Frameworks */,
				039509A710515873006B9D90 /* CoreFoundation.framework in Frameworks */,
			);
			runOnlyForDeploymentPostprocessing = 0;
		};
/* End PBXFrameworksBuildPhase section */

/* Begin PBXGroup section */
		03A644FF1014D51300730E45 /* Hosts */ = {
			isa = PBXGroup;
			children = (
				03A645001014D52C00730E45 /* LocalhostrClient.h */,
				03A645011014D52C00730E45 /* LocalhostrClient.m */,
				03A645261014D71000730E45 /* UploadClient.h */,
				03A645271014D71000730E45 /* UploadClient.m */,
				03A6456D1014D8A500730E45 /* KttnsClient.h */,
				03A6456E1014D8A500730E45 /* KttnsClient.m */,
			);
			name = Hosts;
			sourceTree = "<group>";
		};
		080E96DDFE201D6D7F000001 /* Classes */ = {
			isa = PBXGroup;
			children = (
				03A644FF1014D51300730E45 /* Hosts */,
				039DEEAC1013AD8100C9539F /* ImgDropAppDelegate.h */,
				039DEEAD1013AD8100C9539F /* ImgDropAppDelegate.m */,
				03A646021014E43C00730E45 /* PreferencesWindowController.h */,
				03A646031014E43C00730E45 /* PreferencesWindowController.m */,
				0395087810515035006B9D90 /* UploadSummaryWindowController.h */,
				0395087910515035006B9D90 /* UploadSummaryWindowController.m */,
			);
			name = Classes;
			sourceTree = "<group>";
		};
		1058C7A0FEA54F0111CA2CBB /* Linked Frameworks */ = {
			isa = PBXGroup;
			children = (
				03FAC3E310514649007D439E /* libcrypto.dylib */,
				1058C7A1FEA54F0111CA2CBB /* Cocoa.framework */,
				03FAC3D210514573007D439E /* libz.dylib */,
				03FAC3D6105145BB007D439E /* libssl.dylib */,
				039509A610515873006B9D90 /* CoreFoundation.framework */,
			);
			name = "Linked Frameworks";
			sourceTree = "<group>";
		};
		1058C7A2FEA54F0111CA2CBB /* Other Frameworks */ = {
			isa = PBXGroup;
			children = (
				29B97324FDCFA39411CA2CEA /* AppKit.framework */,
				13E42FB307B3F0F600E4EEF1 /* CoreData.framework */,
				29B97325FDCFA39411CA2CEA /* Foundation.framework */,
			);
			name = "Other Frameworks";
			sourceTree = "<group>";
		};
		19C28FACFE9D520D11CA2CBB /* Products */ = {
			isa = PBXGroup;
			children = (
				8D1107320486CEB800E47090 /* ImgDrop.app */,
			);
			name = Products;
			sourceTree = "<group>";
		};
		29B97314FDCFA39411CA2CEA /* ImgDrop */ = {
			isa = PBXGroup;
			children = (
				080E96DDFE201D6D7F000001 /* Classes */,
				29B97315FDCFA39411CA2CEA /* Other Sources */,
				29B97317FDCFA39411CA2CEA /* Resources */,
				29B97323FDCFA39411CA2CEA /* Frameworks */,
				19C28FACFE9D520D11CA2CBB /* Products */,
			);
			name = ImgDrop;
			sourceTree = "<group>";
		};
		29B97315FDCFA39411CA2CEA /* Other Sources */ = {
			isa = PBXGroup;
			children = (
				32CA4F630368D1EE00C91783 /* ImgDrop_Prefix.pch */,
				29B97316FDCFA39411CA2CEA /* main.m */,
				03FAC3C9105144D2007D439E /* NSData+zlib.h */,
				03FAC3CA105144D2007D439E /* NSData+zlib.m */,
			);
			name = "Other Sources";
			sourceTree = "<group>";
		};
		29B97317FDCFA39411CA2CEA /* Resources */ = {
			isa = PBXGroup;
			children = (
				03A646D01014EEF500730E45 /* Credits.rtf */,
				039DF14F10148B2400C9539F /* icon.icns */,
				8D1107310486CEB800E47090 /* Info.plist */,
				089C165CFE840E0CC02AAC07 /* InfoPlist.strings */,
				1DDD58140DA1D0A300B32029 /* MainMenu.xib */,
				03A645FF1014E3B000730E45 /* PreferencesWindow.xib */,
				0395087B10515048006B9D90 /* UploadSummaryWindow.xib */,
			);
			name = Resources;
			sourceTree = "<group>";
		};
		29B97323FDCFA39411CA2CEA /* Frameworks */ = {
			isa = PBXGroup;
			children = (
				1058C7A0FEA54F0111CA2CBB /* Linked Frameworks */,
				1058C7A2FEA54F0111CA2CBB /* Other Frameworks */,
			);
			name = Frameworks;
			sourceTree = "<group>";
		};
/* End PBXGroup section */

/* Begin PBXNativeTarget section */
		8D1107260486CEB800E47090 /* ImgDrop */ = {
			isa = PBXNativeTarget;
			buildConfigurationList = C01FCF4A08A954540054247B /* Build configuration list for PBXNativeTarget "ImgDrop" */;
			buildPhases = (
				8D1107290486CEB800E47090 /* Resources */,
				8D11072C0486CEB800E47090 /* Sources */,
				8D11072E0486CEB800E47090 /* Frameworks */,
			);
			buildRules = (
			);
			dependencies = (
			);
			name = ImgDrop;
			productInstallPath = "$(HOME)/Applications";
			productName = ImgDrop;
			productReference = 8D1107320486CEB800E47090 /* ImgDrop.app */;
			productType = "com.apple.product-type.application";
		};
/* End PBXNativeTarget section */

/* Begin PBXProject section */
		29B97313FDCFA39411CA2CEA /* Project object */ = {
			isa = PBXProject;
			buildConfigurationList = C01FCF4E08A954540054247B /* Build configuration list for PBXProject "ImgDrop" */;
			compatibilityVersion = "Xcode 3.1";
			hasScannedForEncodings = 1;
			mainGroup = 29B97314FDCFA39411CA2CEA /* ImgDrop */;
			projectDirPath = "";
			projectRoot = "";
			targets = (
				8D1107260486CEB800E47090 /* ImgDrop */,
			);
		};
/* End PBXProject section */

/* Begin PBXResourcesBuildPhase section */
		8D1107290486CEB800E47090 /* Resources */ = {
			isa = PBXResourcesBuildPhase;
			buildActionMask = 2147483647;
			files = (
				8D11072B0486CEB800E47090 /* InfoPlist.strings in Resources */,
				1DDD58160DA1D0A300B32029 /* MainMenu.xib in Resources */,
				039DF15010148B2400C9539F /* icon.icns in Resources */,
				03A646001014E3B000730E45 /* PreferencesWindow.xib in Resources */,
				03A646D11014EEF500730E45 /* Credits.rtf in Resources */,
				0395087C10515048006B9D90 /* UploadSummaryWindow.xib in Resources */,
			);
			runOnlyForDeploymentPostprocessing = 0;
		};
/* End PBXResourcesBuildPhase section */

/* Begin PBXSourcesBuildPhase section */
		8D11072C0486CEB800E47090 /* Sources */ = {
			isa = PBXSourcesBuildPhase;
			buildActionMask = 2147483647;
			files = (
				8D11072D0486CEB800E47090 /* main.m in Sources */,
				039DEEAE1013AD8100C9539F /* ImgDropAppDelegate.m in Sources */,
				03A645021014D52C00730E45 /* LocalhostrClient.m in Sources */,
				03A645281014D71000730E45 /* UploadClient.m in Sources */,
				03A6456F1014D8A500730E45 /* KttnsClient.m in Sources */,
				03A646041014E43C00730E45 /* PreferencesWindowController.m in Sources */,
				03FAC3CB105144D2007D439E /* NSData+zlib.m in Sources */,
				0395087A10515035006B9D90 /* UploadSummaryWindowController.m in Sources */,
			);
			runOnlyForDeploymentPostprocessing = 0;
		};
/* End PBXSourcesBuildPhase section */

/* Begin PBXVariantGroup section */
		089C165CFE840E0CC02AAC07 /* InfoPlist.strings */ = {
			isa = PBXVariantGroup;
			children = (
				089C165DFE840E0CC02AAC07 /* English */,
			);
			name = InfoPlist.strings;
			sourceTree = "<group>";
		};
		1DDD58140DA1D0A300B32029 /* MainMenu.xib */ = {
			isa = PBXVariantGroup;
			children = (
				1DDD58150DA1D0A300B32029 /* English */,
			);
			name = MainMenu.xib;
			sourceTree = "<group>";
		};
/* End PBXVariantGroup section */

/* Begin XCBuildConfiguration section */
		C01FCF4B08A954540054247B /* Debug */ = {
			isa = XCBuildConfiguration;
			buildSettings = {
				ALWAYS_SEARCH_USER_PATHS = NO;
				COPY_PHASE_STRIP = NO;
				GCC_DYNAMIC_NO_PIC = NO;
				GCC_ENABLE_FIX_AND_CONTINUE = YES;
				GCC_MODEL_TUNING = G5;
				GCC_OPTIMIZATION_LEVEL = 0;
				GCC_PRECOMPILE_PREFIX_HEADER = YES;
				GCC_PREFIX_HEADER = ImgDrop_Prefix.pch;
				INFOPLIST_FILE = Info.plist;
				INSTALL_PATH = "$(HOME)/Applications";
				PRODUCT_NAME = ImgDrop;
			};
			name = Debug;
		};
		C01FCF4C08A954540054247B /* Release */ = {
			isa = XCBuildConfiguration;
			buildSettings = {
				ALWAYS_SEARCH_USER_PATHS = NO;
				DEBUG_INFORMATION_FORMAT = "dwarf-with-dsym";
				GCC_MODEL_TUNING = G5;
				GCC_PRECOMPILE_PREFIX_HEADER = YES;
				GCC_PREFIX_HEADER = ImgDrop_Prefix.pch;
				INFOPLIST_FILE = Info.plist;
				INSTALL_PATH = "$(HOME)/Applications";
				PRODUCT_NAME = ImgDrop;
			};
			name = Release;
		};
		C01FCF4F08A954540054247B /* Debug */ = {
			isa = XCBuildConfiguration;
			buildSettings = {
				ARCHS = "$(ARCHS_STANDARD_32_64_BIT)";
				GCC_C_LANGUAGE_STANDARD = c99;
				GCC_ENABLE_OBJC_GC = required;
				GCC_OPTIMIZATION_LEVEL = 0;
				GCC_VERSION = com.apple.compilers.llvm.clang.1_0;
				GCC_WARN_ABOUT_RETURN_TYPE = YES;
				GCC_WARN_UNUSED_VARIABLE = YES;
				ONLY_ACTIVE_ARCH = YES;
				PREBINDING = NO;
				SDKROOT = macosx10.6;
				VALID_ARCHS = "i386 x86_64";
			};
			name = Debug;
		};
		C01FCF5008A954540054247B /* Release */ = {
			isa = XCBuildConfiguration;
			buildSettings = {
				ARCHS = "$(ARCHS_STANDARD_32_64_BIT)";
				GCC_C_LANGUAGE_STANDARD = c99;
				GCC_ENABLE_OBJC_GC = required;
				GCC_ENABLE_SSE3_EXTENSIONS = YES;
				GCC_ENABLE_SSE41_EXTENSIONS = YES;
				GCC_ENABLE_SSE42_EXTENSIONS = YES;
				GCC_ENABLE_SUPPLEMENTAL_SSE3_INSTRUCTIONS = YES;
				GCC_VERSION = com.apple.compilers.llvm.clang.1_0;
				GCC_WARN_ABOUT_RETURN_TYPE = YES;
				GCC_WARN_UNUSED_VARIABLE = YES;
				PREBINDING = NO;
				SDKROOT = macosx10.6;
				VALID_ARCHS = "i386 x86_64";
			};
			name = Release;
		};
/* End XCBuildConfiguration section */

/* Begin XCConfigurationList section */
		C01FCF4A08A954540054247B /* Build configuration list for PBXNativeTarget "ImgDrop" */ = {
			isa = XCConfigurationList;
			buildConfigurations = (
				C01FCF4B08A954540054247B /* Debug */,
				C01FCF4C08A954540054247B /* Release */,
			);
			defaultConfigurationIsVisible = 0;
			defaultConfigurationName = Release;
		};
		C01FCF4E08A954540054247B /* Build configuration list for PBXProject "ImgDrop" */ = {
			isa = XCConfigurationList;
			buildConfigurations = (
				C01FCF4F08A954540054247B /* Debug */,
				C01FCF5008A954540054247B /* Release */,
			);
			defaultConfigurationIsVisible = 0;
			defaultConfigurationName = Release;
		};
/* End XCConfigurationList section */
	};
	rootObject = 29B97313FDCFA39411CA2CEA /* Project object */;
}
